
Microsoft Visual Studio Solution File, Format Version 12.00
# Visual Studio Version 16
VisualStudioVersion = 16.0.29215.179
MinimumVisualStudioVersion = 10.0.40219.1
Project("{FAE04EC0-301F-11D3-BF4B-00C04F79EFBC}") = "ListagemDeCarros", "ListagemDeCarros\ListagemDeCarros.csproj", "{842245E1-05F9-4601-A346-AC428A3D6992}"
EndProject
Project("{FAE04EC0-301F-11D3-BF4B-00C04F79EFBC}") = "TesteListaCarro", "TesteListaCarro\TesteListaCarro.csproj", "{CEC784A6-B4E9-492C-8661-43AD0CA662A5}"
EndProject
Global
	GlobalSection(SolutionConfigurationPlatforms) = preSolution
		Debug|Any CPU = Debug|Any CPU
		Release|Any CPU = Release|Any CPU
	EndGlobalSection
	GlobalSection(ProjectConfigurationPlatforms) = postSolution
		{842245E1-05F9-4601-A346-AC428A3D6992}.Debug|Any CPU.ActiveCfg = Debug|Any CPU
		{842245E1-05F9-4601-A346-AC428A3D6992}.Debug|Any CPU.Build.0 = Debug|Any CPU
		{842245E1-05F9-4601-A346-AC428A3D6992}.Release|Any CPU.ActiveCfg = Release|Any CPU
		{842245E1-05F9-4601-A346-AC428A3D6992}.Release|Any CPU.Build.0 = Release|Any CPU
		{CEC784A6-B4E9-492C-8661-43AD0CA662A5}.Debug|Any CPU.ActiveCfg = Debug|Any CPU
		{CEC784A6-B4E9-492C-8661-43AD0CA662A5}.Debug|Any CPU.Build.0 = Debug|Any CPU
		{CEC784A6-B4E9-492C-8661-43AD0CA662A5}.Release|Any CPU.ActiveCfg = Release|Any CPU
		{CEC784A6-B4E9-492C-8661-43AD0CA662A5}.Release|Any CPU.Build.0 = Release|Any CPU
	EndGlobalSection
	GlobalSection(SolutionProperties) = preSolution
		HideSolutionNode = FALSE
	EndGlobalSection
	GlobalSection(ExtensibilityGlobals) = postSolution
		SolutionGuid = {EA86B3AC-6F8B-4C95-8017-2C2AFC146366}
	EndGlobalSection
EndGlobal
