
Microsoft Visual Studio Solution File, Format Version 12.00
# Visual Studio Version 16
VisualStudioVersion = 16.0.29102.190
MinimumVisualStudioVersion = 10.0.40219.1
Project("{FAE04EC0-301F-11D3-BF4B-00C04F79EFBC}") = "FluxogramaLivro", "FluxogramaLivro\FluxogramaLivro.csproj", "{849BC8E3-33D8-4175-A575-6AA7D7BB60FF}"
EndProject
Global
	GlobalSection(SolutionConfigurationPlatforms) = preSolution
		Debug|Any CPU = Debug|Any CPU
		Release|Any CPU = Release|Any CPU
	EndGlobalSection
	GlobalSection(ProjectConfigurationPlatforms) = postSolution
		{849BC8E3-33D8-4175-A575-6AA7D7BB60FF}.Debug|Any CPU.ActiveCfg = Debug|Any CPU
		{849BC8E3-33D8-4175-A575-6AA7D7BB60FF}.Debug|Any CPU.Build.0 = Debug|Any CPU
		{849BC8E3-33D8-4175-A575-6AA7D7BB60FF}.Release|Any CPU.ActiveCfg = Release|Any CPU
		{849BC8E3-33D8-4175-A575-6AA7D7BB60FF}.Release|Any CPU.Build.0 = Release|Any CPU
	EndGlobalSection
	GlobalSection(SolutionProperties) = preSolution
		HideSolutionNode = FALSE
	EndGlobalSection
	GlobalSection(ExtensibilityGlobals) = postSolution
		SolutionGuid = {FDC237E6-591E-4163-B516-DA7D7B80A66B}
	EndGlobalSection
EndGlobal
