
Microsoft Visual Studio Solution File, Format Version 12.00
# Visual Studio Version 16
VisualStudioVersion = 16.0.29215.179
MinimumVisualStudioVersion = 10.0.40219.1
Project("{FAE04EC0-301F-11D3-BF4B-00C04F79EFBC}") = "AmigosFixo", "AmigosFixo\AmigosFixo.csproj", "{2B21966F-73F2-4CEC-9487-7FE49316099A}"
EndProject
Project("{FAE04EC0-301F-11D3-BF4B-00C04F79EFBC}") = "CadastroDePessoas", "CadastroDePessoas\CadastroDePessoas.csproj", "{21696DEC-AC61-4E86-A932-8646B0C82D98}"
EndProject
Project("{FAE04EC0-301F-11D3-BF4B-00C04F79EFBC}") = "CadastroDeCarros", "CadastroDeCarros\CadastroDeCarros.csproj", "{F9B25659-0718-4F4E-A031-A0A9EE34C593}"
EndProject
Global
	GlobalSection(SolutionConfigurationPlatforms) = preSolution
		Debug|Any CPU = Debug|Any CPU
		Release|Any CPU = Release|Any CPU
	EndGlobalSection
	GlobalSection(ProjectConfigurationPlatforms) = postSolution
		{2B21966F-73F2-4CEC-9487-7FE49316099A}.Debug|Any CPU.ActiveCfg = Debug|Any CPU
		{2B21966F-73F2-4CEC-9487-7FE49316099A}.Debug|Any CPU.Build.0 = Debug|Any CPU
		{2B21966F-73F2-4CEC-9487-7FE49316099A}.Release|Any CPU.ActiveCfg = Release|Any CPU
		{2B21966F-73F2-4CEC-9487-7FE49316099A}.Release|Any CPU.Build.0 = Release|Any CPU
		{21696DEC-AC61-4E86-A932-8646B0C82D98}.Debug|Any CPU.ActiveCfg = Debug|Any CPU
		{21696DEC-AC61-4E86-A932-8646B0C82D98}.Debug|Any CPU.Build.0 = Debug|Any CPU
		{21696DEC-AC61-4E86-A932-8646B0C82D98}.Release|Any CPU.ActiveCfg = Release|Any CPU
		{21696DEC-AC61-4E86-A932-8646B0C82D98}.Release|Any CPU.Build.0 = Release|Any CPU
		{F9B25659-0718-4F4E-A031-A0A9EE34C593}.Debug|Any CPU.ActiveCfg = Debug|Any CPU
		{F9B25659-0718-4F4E-A031-A0A9EE34C593}.Debug|Any CPU.Build.0 = Debug|Any CPU
		{F9B25659-0718-4F4E-A031-A0A9EE34C593}.Release|Any CPU.ActiveCfg = Release|Any CPU
		{F9B25659-0718-4F4E-A031-A0A9EE34C593}.Release|Any CPU.Build.0 = Release|Any CPU
	EndGlobalSection
	GlobalSection(SolutionProperties) = preSolution
		HideSolutionNode = FALSE
	EndGlobalSection
	GlobalSection(ExtensibilityGlobals) = postSolution
		SolutionGuid = {EC926FA0-E1D7-47C2-AB75-8CF3D8FE1A6A}
	EndGlobalSection
EndGlobal
