
Microsoft Visual Studio Solution File, Format Version 12.00
# Visual Studio Version 16
VisualStudioVersion = 16.0.29215.179
MinimumVisualStudioVersion = 10.0.40219.1
Project("{FAE04EC0-301F-11D3-BF4B-00C04F79EFBC}") = "ConsoleMigration", "ConsoleMigration\ConsoleMigration.csproj", "{362F9201-318B-4BBE-9E7A-8183D55C5E77}"
EndProject
Global
	GlobalSection(SolutionConfigurationPlatforms) = preSolution
		Debug|Any CPU = Debug|Any CPU
		Release|Any CPU = Release|Any CPU
	EndGlobalSection
	GlobalSection(ProjectConfigurationPlatforms) = postSolution
		{362F9201-318B-4BBE-9E7A-8183D55C5E77}.Debug|Any CPU.ActiveCfg = Debug|Any CPU
		{362F9201-318B-4BBE-9E7A-8183D55C5E77}.Debug|Any CPU.Build.0 = Debug|Any CPU
		{362F9201-318B-4BBE-9E7A-8183D55C5E77}.Release|Any CPU.ActiveCfg = Release|Any CPU
		{362F9201-318B-4BBE-9E7A-8183D55C5E77}.Release|Any CPU.Build.0 = Release|Any CPU
	EndGlobalSection
	GlobalSection(SolutionProperties) = preSolution
		HideSolutionNode = FALSE
	EndGlobalSection
	GlobalSection(ExtensibilityGlobals) = postSolution
		SolutionGuid = {849BED4B-6C30-4E2B-9ED6-459A7B6A56FB}
	EndGlobalSection
EndGlobal
