
Microsoft Visual Studio Solution File, Format Version 12.00
# Visual Studio Version 16
VisualStudioVersion = 16.0.29215.179
MinimumVisualStudioVersion = 10.0.40219.1
Project("{FAE04EC0-301F-11D3-BF4B-00C04F79EFBC}") = "CatalogoCelulares", "CatalogoCelulares\CatalogoCelulares.csproj", "{D0B7C3E1-105F-4F4E-ADAD-DF3A4939DB82}"
EndProject
Project("{FAE04EC0-301F-11D3-BF4B-00C04F79EFBC}") = "CellDu", "CellDu\CellDu.csproj", "{6B011EFF-9E76-48B3-A0D5-33F8FE42ED9A}"
EndProject
Global
	GlobalSection(SolutionConfigurationPlatforms) = preSolution
		Debug|Any CPU = Debug|Any CPU
		Release|Any CPU = Release|Any CPU
	EndGlobalSection
	GlobalSection(ProjectConfigurationPlatforms) = postSolution
		{D0B7C3E1-105F-4F4E-ADAD-DF3A4939DB82}.Debug|Any CPU.ActiveCfg = Debug|Any CPU
		{D0B7C3E1-105F-4F4E-ADAD-DF3A4939DB82}.Debug|Any CPU.Build.0 = Debug|Any CPU
		{D0B7C3E1-105F-4F4E-ADAD-DF3A4939DB82}.Release|Any CPU.ActiveCfg = Release|Any CPU
		{D0B7C3E1-105F-4F4E-ADAD-DF3A4939DB82}.Release|Any CPU.Build.0 = Release|Any CPU
		{6B011EFF-9E76-48B3-A0D5-33F8FE42ED9A}.Debug|Any CPU.ActiveCfg = Debug|Any CPU
		{6B011EFF-9E76-48B3-A0D5-33F8FE42ED9A}.Debug|Any CPU.Build.0 = Debug|Any CPU
		{6B011EFF-9E76-48B3-A0D5-33F8FE42ED9A}.Release|Any CPU.ActiveCfg = Release|Any CPU
		{6B011EFF-9E76-48B3-A0D5-33F8FE42ED9A}.Release|Any CPU.Build.0 = Release|Any CPU
	EndGlobalSection
	GlobalSection(SolutionProperties) = preSolution
		HideSolutionNode = FALSE
	EndGlobalSection
	GlobalSection(ExtensibilityGlobals) = postSolution
		SolutionGuid = {1A08AF7C-76F5-430E-8453-3A35F668820F}
	EndGlobalSection
EndGlobal
