
Microsoft Visual Studio Solution File, Format Version 12.00
# Visual Studio Version 16
VisualStudioVersion = 16.0.29215.179
MinimumVisualStudioVersion = 10.0.40219.1
Project("{FAE04EC0-301F-11D3-BF4B-00C04F79EFBC}") = "RelatorioVendas", "RelatorioVendas\RelatorioVendas.csproj", "{5BBE0E6A-62F1-4729-8458-142840ED2B2C}"
EndProject
Project("{FAE04EC0-301F-11D3-BF4B-00C04F79EFBC}") = "SistemaDeVendas", "SistemaDeVendas\SistemaDeVendas.csproj", "{2B823694-438B-45D2-901F-6140AB23F722}"
EndProject
Global
	GlobalSection(SolutionConfigurationPlatforms) = preSolution
		Debug|Any CPU = Debug|Any CPU
		Release|Any CPU = Release|Any CPU
	EndGlobalSection
	GlobalSection(ProjectConfigurationPlatforms) = postSolution
		{5BBE0E6A-62F1-4729-8458-142840ED2B2C}.Debug|Any CPU.ActiveCfg = Debug|Any CPU
		{5BBE0E6A-62F1-4729-8458-142840ED2B2C}.Debug|Any CPU.Build.0 = Debug|Any CPU
		{5BBE0E6A-62F1-4729-8458-142840ED2B2C}.Release|Any CPU.ActiveCfg = Release|Any CPU
		{5BBE0E6A-62F1-4729-8458-142840ED2B2C}.Release|Any CPU.Build.0 = Release|Any CPU
		{2B823694-438B-45D2-901F-6140AB23F722}.Debug|Any CPU.ActiveCfg = Debug|Any CPU
		{2B823694-438B-45D2-901F-6140AB23F722}.Debug|Any CPU.Build.0 = Debug|Any CPU
		{2B823694-438B-45D2-901F-6140AB23F722}.Release|Any CPU.ActiveCfg = Release|Any CPU
		{2B823694-438B-45D2-901F-6140AB23F722}.Release|Any CPU.Build.0 = Release|Any CPU
	EndGlobalSection
	GlobalSection(SolutionProperties) = preSolution
		HideSolutionNode = FALSE
	EndGlobalSection
	GlobalSection(ExtensibilityGlobals) = postSolution
		SolutionGuid = {292ABCA6-A1FB-4DB7-AA16-F04BEE639DB4}
	EndGlobalSection
EndGlobal
