
Microsoft Visual Studio Solution File, Format Version 12.00
# Visual Studio Version 16
VisualStudioVersion = 16.0.29215.179
MinimumVisualStudioVersion = 10.0.40219.1
Project("{FAE04EC0-301F-11D3-BF4B-00C04F79EFBC}") = "gorduration", "gorduration\gorduration.csproj", "{B1ED6B33-7C3A-4235-9B67-D8204235642D}"
EndProject
Global
	GlobalSection(SolutionConfigurationPlatforms) = preSolution
		Debug|Any CPU = Debug|Any CPU
		Release|Any CPU = Release|Any CPU
	EndGlobalSection
	GlobalSection(ProjectConfigurationPlatforms) = postSolution
		{B1ED6B33-7C3A-4235-9B67-D8204235642D}.Debug|Any CPU.ActiveCfg = Debug|Any CPU
		{B1ED6B33-7C3A-4235-9B67-D8204235642D}.Debug|Any CPU.Build.0 = Debug|Any CPU
		{B1ED6B33-7C3A-4235-9B67-D8204235642D}.Release|Any CPU.ActiveCfg = Release|Any CPU
		{B1ED6B33-7C3A-4235-9B67-D8204235642D}.Release|Any CPU.Build.0 = Release|Any CPU
	EndGlobalSection
	GlobalSection(SolutionProperties) = preSolution
		HideSolutionNode = FALSE
	EndGlobalSection
	GlobalSection(ExtensibilityGlobals) = postSolution
		SolutionGuid = {4D4CF0CB-FD8B-4543-AC96-4235CC9E2D5C}
	EndGlobalSection
EndGlobal
