
Microsoft Visual Studio Solution File, Format Version 12.00
# Visual Studio Version 16
VisualStudioVersion = 16.0.29424.173
MinimumVisualStudioVersion = 10.0.40219.1
Project("{FAE04EC0-301F-11D3-BF4B-00C04F79EFBC}") = "WebApiNetCore", "WebApiNetCore\WebApiNetCore.csproj", "{0A9C9103-E618-4C55-ADA8-6033CCDC4176}"
EndProject
Global
	GlobalSection(SolutionConfigurationPlatforms) = preSolution
		Debug|Any CPU = Debug|Any CPU
		Release|Any CPU = Release|Any CPU
	EndGlobalSection
	GlobalSection(ProjectConfigurationPlatforms) = postSolution
		{0A9C9103-E618-4C55-ADA8-6033CCDC4176}.Debug|Any CPU.ActiveCfg = Debug|Any CPU
		{0A9C9103-E618-4C55-ADA8-6033CCDC4176}.Debug|Any CPU.Build.0 = Debug|Any CPU
		{0A9C9103-E618-4C55-ADA8-6033CCDC4176}.Release|Any CPU.ActiveCfg = Release|Any CPU
		{0A9C9103-E618-4C55-ADA8-6033CCDC4176}.Release|Any CPU.Build.0 = Release|Any CPU
	EndGlobalSection
	GlobalSection(SolutionProperties) = preSolution
		HideSolutionNode = FALSE
	EndGlobalSection
	GlobalSection(ExtensibilityGlobals) = postSolution
		SolutionGuid = {7F2952C5-A035-4DE0-A2DD-798A5B5728F8}
	EndGlobalSection
EndGlobal
