
Microsoft Visual Studio Solution File, Format Version 12.00
# Visual Studio Version 16
VisualStudioVersion = 16.0.29215.179
MinimumVisualStudioVersion = 10.0.40219.1
Project("{FAE04EC0-301F-11D3-BF4B-00C04F79EFBC}") = "DonBancoAoEntity", "DonBancoAoEntity\DonBancoAoEntity.csproj", "{582360EA-1075-4AD7-A21C-3C049FDD8A18}"
EndProject
Global
	GlobalSection(SolutionConfigurationPlatforms) = preSolution
		Debug|Any CPU = Debug|Any CPU
		Release|Any CPU = Release|Any CPU
	EndGlobalSection
	GlobalSection(ProjectConfigurationPlatforms) = postSolution
		{582360EA-1075-4AD7-A21C-3C049FDD8A18}.Debug|Any CPU.ActiveCfg = Debug|Any CPU
		{582360EA-1075-4AD7-A21C-3C049FDD8A18}.Debug|Any CPU.Build.0 = Debug|Any CPU
		{582360EA-1075-4AD7-A21C-3C049FDD8A18}.Release|Any CPU.ActiveCfg = Release|Any CPU
		{582360EA-1075-4AD7-A21C-3C049FDD8A18}.Release|Any CPU.Build.0 = Release|Any CPU
	EndGlobalSection
	GlobalSection(SolutionProperties) = preSolution
		HideSolutionNode = FALSE
	EndGlobalSection
	GlobalSection(ExtensibilityGlobals) = postSolution
		SolutionGuid = {7AB08679-52F6-4DD4-B435-8C1D53F62282}
	EndGlobalSection
EndGlobal
