
Microsoft Visual Studio Solution File, Format Version 12.00
# Visual Studio Version 16
VisualStudioVersion = 16.0.29215.179
MinimumVisualStudioVersion = 10.0.40219.1
Project("{FAE04EC0-301F-11D3-BF4B-00C04F79EFBC}") = "UmProjeto", "UmProjeto\UmProjeto.csproj", "{07DB736B-EDAF-4A16-9AA0-28922A00783C}"
EndProject
Global
	GlobalSection(SolutionConfigurationPlatforms) = preSolution
		Debug|Any CPU = Debug|Any CPU
		Release|Any CPU = Release|Any CPU
	EndGlobalSection
	GlobalSection(ProjectConfigurationPlatforms) = postSolution
		{07DB736B-EDAF-4A16-9AA0-28922A00783C}.Debug|Any CPU.ActiveCfg = Debug|Any CPU
		{07DB736B-EDAF-4A16-9AA0-28922A00783C}.Debug|Any CPU.Build.0 = Debug|Any CPU
		{07DB736B-EDAF-4A16-9AA0-28922A00783C}.Release|Any CPU.ActiveCfg = Release|Any CPU
		{07DB736B-EDAF-4A16-9AA0-28922A00783C}.Release|Any CPU.Build.0 = Release|Any CPU
	EndGlobalSection
	GlobalSection(SolutionProperties) = preSolution
		HideSolutionNode = FALSE
	EndGlobalSection
	GlobalSection(ExtensibilityGlobals) = postSolution
		SolutionGuid = {DC6E6125-B460-4309-B69D-64B0412EF436}
	EndGlobalSection
EndGlobal
