
Microsoft Visual Studio Solution File, Format Version 12.00
# Visual Studio Version 16
VisualStudioVersion = 16.0.29215.179
MinimumVisualStudioVersion = 10.0.40219.1
Project("{FAE04EC0-301F-11D3-BF4B-00C04F79EFBC}") = "RegistraImoveis", "RegistraImoveis\RegistraImoveis.csproj", "{95C33BBF-6554-43EB-9E02-4C45C7483FA1}"
EndProject
Global
	GlobalSection(SolutionConfigurationPlatforms) = preSolution
		Debug|Any CPU = Debug|Any CPU
		Release|Any CPU = Release|Any CPU
	EndGlobalSection
	GlobalSection(ProjectConfigurationPlatforms) = postSolution
		{95C33BBF-6554-43EB-9E02-4C45C7483FA1}.Debug|Any CPU.ActiveCfg = Debug|Any CPU
		{95C33BBF-6554-43EB-9E02-4C45C7483FA1}.Debug|Any CPU.Build.0 = Debug|Any CPU
		{95C33BBF-6554-43EB-9E02-4C45C7483FA1}.Release|Any CPU.ActiveCfg = Release|Any CPU
		{95C33BBF-6554-43EB-9E02-4C45C7483FA1}.Release|Any CPU.Build.0 = Release|Any CPU
	EndGlobalSection
	GlobalSection(SolutionProperties) = preSolution
		HideSolutionNode = FALSE
	EndGlobalSection
	GlobalSection(ExtensibilityGlobals) = postSolution
		SolutionGuid = {BDEDE5D5-5F3D-4C7B-A3FE-43FCE272EBF3}
	EndGlobalSection
EndGlobal
