
Microsoft Visual Studio Solution File, Format Version 12.00
# Visual Studio Version 16
VisualStudioVersion = 16.0.29215.179
MinimumVisualStudioVersion = 10.0.40219.1
Project("{FAE04EC0-301F-11D3-BF4B-00C04F79EFBC}") = "ApresentandoOsAlcoolatras", "ApresentandoOsAlcoolatras\ApresentandoOsAlcoolatras.csproj", "{8FD229C9-633E-4161-8AF5-0A0AABEB495A}"
EndProject
Global
	GlobalSection(SolutionConfigurationPlatforms) = preSolution
		Debug|Any CPU = Debug|Any CPU
		Release|Any CPU = Release|Any CPU
	EndGlobalSection
	GlobalSection(ProjectConfigurationPlatforms) = postSolution
		{8FD229C9-633E-4161-8AF5-0A0AABEB495A}.Debug|Any CPU.ActiveCfg = Debug|Any CPU
		{8FD229C9-633E-4161-8AF5-0A0AABEB495A}.Debug|Any CPU.Build.0 = Debug|Any CPU
		{8FD229C9-633E-4161-8AF5-0A0AABEB495A}.Release|Any CPU.ActiveCfg = Release|Any CPU
		{8FD229C9-633E-4161-8AF5-0A0AABEB495A}.Release|Any CPU.Build.0 = Release|Any CPU
	EndGlobalSection
	GlobalSection(SolutionProperties) = preSolution
		HideSolutionNode = FALSE
	EndGlobalSection
	GlobalSection(ExtensibilityGlobals) = postSolution
		SolutionGuid = {911631E1-CA1A-4D43-9445-CB2F330C83EE}
	EndGlobalSection
EndGlobal
